Microsoft Visual Studio Solution File, Format Version 12.00
# Visual Studio 14
VisualStudioVersion = 14.0.25420.1
MinimumVisualStudioVersion = 10.0.40219.1
Project("{FAE04EC0-301F-11D3-BF4B-00C04F79EFBC}") = "YandexDiskNET", "YandexDiskNET\YandexDiskNET.csproj", "{A55C2962-F329-4723-AFA9-B7040BDBB5BF}"
EndProject
Project("{FAE04EC0-301F-11D3-BF4B-00C04F79EFBC}") = "YandexDiskOAuthNET", "YandexDiskOAuthNET\YandexDiskOAuthNET.csproj", "{953CBC4A-D2B7-4203-AAAB-1F3CB818A93F}"
EndProject
Project("{FAE04EC0-301F-11D3-BF4B-00C04F79EFBC}") = "YandexDiskCodeNET", "YandexDiskCodeNET\YandexDiskCodeNET.csproj", "{A0552C51-8146-4B28-8E8B-D82363398080}"
EndProject
Global
	GlobalSection(SolutionConfigurationPlatforms) = preSolution
		Debug|Any CPU = Debug|Any CPU
		Release|Any CPU = Release|Any CPU
	EndGlobalSection
	GlobalSection(ProjectConfigurationPlatforms) = postSolution
		{A55C2962-F329-4723-AFA9-B7040BDBB5BF}.Debug|Any CPU.ActiveCfg = Debug|Any CPU
		{A55C2962-F329-4723-AFA9-B7040BDBB5BF}.Debug|Any CPU.Build.0 = Debug|Any CPU
		{A55C2962-F329-4723-AFA9-B7040BDBB5BF}.Release|Any CPU.ActiveCfg = Release|Any CPU
		{A55C2962-F329-4723-AFA9-B7040BDBB5BF}.Release|Any CPU.Build.0 = Release|Any CPU
		{953CBC4A-D2B7-4203-AAAB-1F3CB818A93F}.Debug|Any CPU.ActiveCfg = Debug|Any CPU
		{953CBC4A-D2B7-4203-AAAB-1F3CB818A93F}.Debug|Any CPU.Build.0 = Debug|Any CPU
		{953CBC4A-D2B7-4203-AAAB-1F3CB818A93F}.Release|Any CPU.ActiveCfg = Release|Any CPU
		{953CBC4A-D2B7-4203-AAAB-1F3CB818A93F}.Release|Any CPU.Build.0 = Release|Any CPU
		{A0552C51-8146-4B28-8E8B-D82363398080}.Debug|Any CPU.ActiveCfg = Debug|Any CPU
		{A0552C51-8146-4B28-8E8B-D82363398080}.Debug|Any CPU.Build.0 = Debug|Any CPU
		{A0552C51-8146-4B28-8E8B-D82363398080}.Release|Any CPU.ActiveCfg = Release|Any CPU
		{A0552C51-8146-4B28-8E8B-D82363398080}.Release|Any CPU.Build.0 = Release|Any CPU
	EndGlobalSection
	GlobalSection(SolutionProperties) = preSolution
		HideSolutionNode = FALSE
	EndGlobalSection
EndGlobal
